
Microsoft Visual Studio Solution File, Format Version 12.00
# Visual Studio Version 16
VisualStudioVersion = 16.0.30621.155
MinimumVisualStudioVersion = 10.0.40219.1
Project("{FAE04EC0-301F-11D3-BF4B-00C04F79EFBC}") = "HotellbookingEF", "HotellbookingEF\HotellbookingEF.csproj", "{809A2DB3-6FAF-41DB-BC36-251CB79EBEF2}"
EndProject
Global
	GlobalSection(SolutionConfigurationPlatforms) = preSolution
		Debug|Any CPU = Debug|Any CPU
		Release|Any CPU = Release|Any CPU
	EndGlobalSection
	GlobalSection(ProjectConfigurationPlatforms) = postSolution
		{809A2DB3-6FAF-41DB-BC36-251CB79EBEF2}.Debug|Any CPU.ActiveCfg = Debug|Any CPU
		{809A2DB3-6FAF-41DB-BC36-251CB79EBEF2}.Debug|Any CPU.Build.0 = Debug|Any CPU
		{809A2DB3-6FAF-41DB-BC36-251CB79EBEF2}.Release|Any CPU.ActiveCfg = Release|Any CPU
		{809A2DB3-6FAF-41DB-BC36-251CB79EBEF2}.Release|Any CPU.Build.0 = Release|Any CPU
	EndGlobalSection
	GlobalSection(SolutionProperties) = preSolution
		HideSolutionNode = FALSE
	EndGlobalSection
	GlobalSection(ExtensibilityGlobals) = postSolution
		SolutionGuid = {63F7ED23-5A85-4E13-94E9-35504388EFE6}
	EndGlobalSection
EndGlobal
